
Microsoft Visual Studio Solution File, Format Version 12.00
# Visual Studio Version 16
VisualStudioVersion = 16.0.32228.343
MinimumVisualStudioVersion = 10.0.40219.1
Project("{E24C65DC-7377-472B-9ABA-BC803B73C61A}") = "mtlv", ".", "{A9FDB220-3B7B-4822-B9AB-C3972CA4D4C6}"
	ProjectSection(WebsiteProperties) = preProject
		TargetFrameworkMoniker = ".NETFramework,Version%3Dv4.7.2"
		Debug.AspNetCompiler.VirtualPath = "/localhost_50883"
		Debug.AspNetCompiler.PhysicalPath = "..\mtlv\"
		Debug.AspNetCompiler.TargetPath = "PrecompiledWeb\localhost_50883\"
		Debug.AspNetCompiler.Updateable = "true"
		Debug.AspNetCompiler.ForceOverwrite = "true"
		Debug.AspNetCompiler.FixedNames = "false"
		Debug.AspNetCompiler.Debug = "True"
		Release.AspNetCompiler.VirtualPath = "/localhost_50883"
		Release.AspNetCompiler.PhysicalPath = "..\mtlv\"
		Release.AspNetCompiler.TargetPath = "PrecompiledWeb\localhost_50883\"
		Release.AspNetCompiler.Updateable = "true"
		Release.AspNetCompiler.ForceOverwrite = "true"
		Release.AspNetCompiler.FixedNames = "false"
		Release.AspNetCompiler.Debug = "False"
		VWDPort = "50883"
		SlnRelativePath = "..\mtlv\"
		DefaultWebSiteLanguage = "Visual C#"
	EndProjectSection
EndProject
Global
	GlobalSection(SolutionConfigurationPlatforms) = preSolution
		Debug|Any CPU = Debug|Any CPU
	EndGlobalSection
	GlobalSection(ProjectConfigurationPlatforms) = postSolution
		{A9FDB220-3B7B-4822-B9AB-C3972CA4D4C6}.Debug|Any CPU.ActiveCfg = Debug|Any CPU
		{A9FDB220-3B7B-4822-B9AB-C3972CA4D4C6}.Debug|Any CPU.Build.0 = Debug|Any CPU
	EndGlobalSection
	GlobalSection(SolutionProperties) = preSolution
		HideSolutionNode = FALSE
	EndGlobalSection
	GlobalSection(ExtensibilityGlobals) = postSolution
		SolutionGuid = {F66AF330-9D8B-4DD9-8C21-EA5AB55130C7}
	EndGlobalSection
EndGlobal
